lockfileVersion: '9.0'

settings:
  autoInstallPeers: true
  excludeLinksFromLockfile: false

importers:

  .:
    dependencies:
      maplibre-gl:
        specifier: ^4.3.2
        version: 4.7.1
    devDependencies:
      geojson-vt:
        specifier: ^4.0.2
        version: 4.0.2
      vite:
        specifier: ^5.4.0
        version: 5.4.21
      vt-pbf:
        specifier: ^3.1.3
        version: 3.1.3

packages:

  '@esbuild/aix-ppc64@0.21.5':
    resolution: {integrity: sha512-1SDgH6ZSPTlggy1yI6+Dbkiz8xzpHJEVAlF/AM1tHPLsf5STom9rwtjE4hKAF20FfXXNTFqEYXyJNWh1GiZedQ==}
    engines: {node: '>=12'}
    cpu: [ppc64]
    os: [aix]

  '@esbuild/android-arm64@0.21.5':
    resolution: {integrity: sha512-c0uX9VAUBQ7dTDCjq+wdyGLowMdtR/GoC2U5IYk/7D1H1JYC0qseD7+11iMP2mRLN9RcCMRcjC4YMclCzGwS/A==}
    engines: {node: '>=12'}
    cpu: [arm64]
    os: [android]

  '@esbuild/android-arm@0.21.5':
    resolution: {integrity: sha512-vCPvzSjpPHEi1siZdlvAlsPxXl7WbOVUBBAowWug4rJHb68Ox8KualB+1ocNvT5fjv6wpkX6o/iEpbDrf68zcg==}
    engines: {node: '>=12'}
    cpu: [arm]
    os: [android]

  '@esbuild/android-x64@0.21.5':
    resolution: {integrity: sha512-D7aPRUUNHRBwHxzxRvp856rjUHRFW1SdQATKXH2hqA0kAZb1hKmi02OpYRacl0TxIGz/ZmXWlbZgjwWYaCakTA==}
    engines: {node: '>=12'}
    cpu: [x64]
    os: [android]

  '@esbuild/darwin-arm64@0.21.5':
    resolution: {integrity: sha512-DwqXqZyuk5AiWWf3UfLiRDJ5EDd49zg6O9wclZ7kUMv2WRFr4HKjXp/5t8JZ11QbQfUS6/cRCKGwYhtNAY88kQ==}
    engines: {node: '>=12'}
    cpu: [arm64]
    os: [darwin]

  '@esbuild/darwin-x64@0.21.5':
    resolution: {integrity: sha512-se/JjF8NlmKVG4kNIuyWMV/22ZaerB+qaSi5MdrXtd6R08kvs2qCN4C09miupktDitvh8jRFflwGFBQcxZRjbw==}
    engines: {node: '>=12'}
    cpu: [x64]
    os: [darwin]

  '@esbuild/freebsd-arm64@0.21.5':
    resolution: {integrity: sha512-5JcRxxRDUJLX8JXp/wcBCy3pENnCgBR9bN6JsY4OmhfUtIHe3ZW0mawA7+RDAcMLrMIZaf03NlQiX9DGyB8h4g==}
    engines: {node: '>=12'}
    cpu: [arm64]
    os: [freebsd]

  '@esbuild/freebsd-x64@0.21.5':
    resolution: {integrity: sha512-J95kNBj1zkbMXtHVH29bBriQygMXqoVQOQYA+ISs0/2l3T9/kj42ow2mpqerRBxDJnmkUDCaQT/dfNXWX/ZZCQ==}
    engines: {node: '>=12'}
    cpu: [x64]
    os: [freebsd]

  '@esbuild/linux-arm64@0.21.5':
    resolution: {integrity: sha512-ibKvmyYzKsBeX8d8I7MH/TMfWDXBF3db4qM6sy+7re0YXya+K1cem3on9XgdT2EQGMu4hQyZhan7TeQ8XkGp4Q==}
    engines: {node: '>=12'}
    cpu: [arm64]
    os: [linux]

  '@esbuild/linux-arm@0.21.5':
    resolution: {integrity: sha512-bPb5AHZtbeNGjCKVZ9UGqGwo8EUu4cLq68E95A53KlxAPRmUyYv2D6F0uUI65XisGOL1hBP5mTronbgo+0bFcA==}
    engines: {node: '>=12'}
    cpu: [arm]
    os: [linux]

  '@esbuild/linux-ia32@0.21.5':
    resolution: {integrity: sha512-YvjXDqLRqPDl2dvRODYmmhz4rPeVKYvppfGYKSNGdyZkA01046pLWyRKKI3ax8fbJoK5QbxblURkwK/MWY18Tg==}
    engines: {node: '>=12'}
    cpu: [ia32]
    os: [linux]

  '@esbuild/linux-loong64@0.21.5':
    resolution: {integrity: sha512-uHf1BmMG8qEvzdrzAqg2SIG/02+4/DHB6a9Kbya0XDvwDEKCoC8ZRWI5JJvNdUjtciBGFQ5PuBlpEOXQj+JQSg==}
    engines: {node: '>=12'}
    cpu: [loong64]
    os: [linux]

  '@esbuild/linux-mips64el@0.21.5':
    resolution: {integrity: sha512-IajOmO+KJK23bj52dFSNCMsz1QP1DqM6cwLUv3W1QwyxkyIWecfafnI555fvSGqEKwjMXVLokcV5ygHW5b3Jbg==}
    engines: {node: '>=12'}
    cpu: [mips64el]
    os: [linux]

  '@esbuild/linux-ppc64@0.21.5':
    resolution: {integrity: sha512-1hHV/Z4OEfMwpLO8rp7CvlhBDnjsC3CttJXIhBi+5Aj5r+MBvy4egg7wCbe//hSsT+RvDAG7s81tAvpL2XAE4w==}
    engines: {node: '>=12'}
    cpu: [ppc64]
    os: [linux]

  '@esbuild/linux-riscv64@0.21.5':
    resolution: {integrity: sha512-2HdXDMd9GMgTGrPWnJzP2ALSokE/0O5HhTUvWIbD3YdjME8JwvSCnNGBnTThKGEB91OZhzrJ4qIIxk/SBmyDDA==}
    engines: {node: '>=12'}
    cpu: [riscv64]
    os: [linux]

  '@esbuild/linux-s390x@0.21.5':
    resolution: {integrity: sha512-zus5sxzqBJD3eXxwvjN1yQkRepANgxE9lgOW2qLnmr8ikMTphkjgXu1HR01K4FJg8h1kEEDAqDcZQtbrRnB41A==}
    engines: {node: '>=12'}
    cpu: [s390x]
    os: [linux]

  '@esbuild/linux-x64@0.21.5':
    resolution: {integrity: sha512-1rYdTpyv03iycF1+BhzrzQJCdOuAOtaqHTWJZCWvijKD2N5Xu0TtVC8/+1faWqcP9iBCWOmjmhoH94dH82BxPQ==}
    engines: {node: '>=12'}
    cpu: [x64]
    os: [linux]

  '@esbuild/netbsd-x64@0.21.5':
    resolution: {integrity: sha512-Woi2MXzXjMULccIwMnLciyZH4nCIMpWQAs049KEeMvOcNADVxo0UBIQPfSmxB3CWKedngg7sWZdLvLczpe0tLg==}
    engines: {node: '>=12'}
    cpu: [x64]
    os: [netbsd]

  '@esbuild/openbsd-x64@0.21.5':
    resolution: {integrity: sha512-HLNNw99xsvx12lFBUwoT8EVCsSvRNDVxNpjZ7bPn947b8gJPzeHWyNVhFsaerc0n3TsbOINvRP2byTZ5LKezow==}
    engines: {node: '>=12'}
    cpu: [x64]
    os: [openbsd]

  '@esbuild/sunos-x64@0.21.5':
    resolution: {integrity: sha512-6+gjmFpfy0BHU5Tpptkuh8+uw3mnrvgs+dSPQXQOv3ekbordwnzTVEb4qnIvQcYXq6gzkyTnoZ9dZG+D4garKg==}
    engines: {node: '>=12'}
    cpu: [x64]
    os: [sunos]

  '@esbuild/win32-arm64@0.21.5':
    resolution: {integrity: sha512-Z0gOTd75VvXqyq7nsl93zwahcTROgqvuAcYDUr+vOv8uHhNSKROyU961kgtCD1e95IqPKSQKH7tBTslnS3tA8A==}
    engines: {node: '>=12'}
    cpu: [arm64]
    os: [win32]

  '@esbuild/win32-ia32@0.21.5':
    resolution: {integrity: sha512-SWXFF1CL2RVNMaVs+BBClwtfZSvDgtL//G/smwAc5oVK/UPu2Gu9tIaRgFmYFFKrmg3SyAjSrElf0TiJ1v8fYA==}
    engines: {node: '>=12'}
    cpu: [ia32]
    os: [win32]

  '@esbuild/win32-x64@0.21.5':
    resolution: {integrity: sha512-tQd/1efJuzPC6rCFwEvLtci/xNFcTZknmXs98FYDfGE4wP9ClFV98nyKrzJKVPMhdDnjzLhdUyMX4PsQAPjwIw==}
    engines: {node: '>=12'}
    cpu: [x64]
    os: [win32]

  '@mapbox/geojson-rewind@0.5.2':
    resolution: {integrity: sha512-tJaT+RbYGJYStt7wI3cq4Nl4SXxG8W7JDG5DMJu97V25RnbNg3QtQtf+KD+VLjNpWKYsRvXDNmNrBgEETr1ifA==}
    hasBin: true

  '@mapbox/jsonlint-lines-primitives@2.0.2':
    resolution: {integrity: sha512-rY0o9A5ECsTQRVhv7tL/OyDpGAoUB4tTvLiW1DSzQGq4bvTPhNw1VpSNjDJc5GFZ2XuyOtSWSVN05qOtcD71qQ==}
    engines: {node: '>= 0.6'}

  '@mapbox/point-geometry@0.1.0':
    resolution: {integrity: sha512-6j56HdLTwWGO0fJPlrZtdU/B13q8Uwmo18Ck2GnGgN9PCFyKTZ3UbXeEdRFh18i9XQ92eH2VdtpJHpBD3aripQ==}

  '@mapbox/tiny-sdf@2.0.7':
    resolution: {integrity: sha512-25gQLQMcpivjOSA40g3gO6qgiFPDpWRoMfd+G/GoppPIeP6JDaMMkMrEJnMZhKyyS6iKwVt5YKu02vCUyJM3Ug==}

  '@mapbox/unitbezier@0.0.1':
    resolution: {integrity: sha512-nMkuDXFv60aBr9soUG5q+GvZYL+2KZHVvsqFCzqnkGEf46U2fvmytHaEVc1/YZbiLn8X+eR3QzX1+dwDO1lxlw==}

  '@mapbox/vector-tile@1.3.1':
    resolution: {integrity: sha512-MCEddb8u44/xfQ3oD+Srl/tNcQoqTw3goGk2oLsrFxOTc3dUp+kAnby3PvAeeBYSMSjSPD1nd1AJA6W49WnoUw==}

  '@mapbox/whoots-js@3.1.0':
    resolution: {integrity: sha512-Es6WcD0nO5l+2BOQS4uLfNPYQaNDfbot3X1XUoloz+x0mPDS3eeORZJl06HXjwBG1fOGwCRnzK88LMdxKRrd6Q==}
    engines: {node: '>=6.0.0'}

  '@maplibre/maplibre-gl-style-spec@20.4.0':
    resolution: {integrity: sha512-AzBy3095fTFPjDjmWpR2w6HVRAZJ6hQZUCwk5Plz6EyfnfuQW1odeW5i2Ai47Y6TBA2hQnC+azscjBSALpaWgw==}
    hasBin: true

  '@rollup/rollup-android-arm-eabi@4.59.1':
    resolution: {integrity: sha512-xB0b51TB7IfDEzAojXahmr+gfA00uYVInJGgNNkeQG6RPnCPGr7udsylFLTubuIUSRE6FkcI1NElyRt83PP5oQ==}
    cpu: [arm]
    os: [android]

  '@rollup/rollup-android-arm64@4.59.1':
    resolution: {integrity: sha512-XOjPId0qwSDKHaIsdzHJtKCxX0+nH8MhBwvrNsT7tVyKmdTx1jJ4XzN5RZXCdTzMpufLb+B8llTC0D8uCrLhcw==}
    cpu: [arm64]
    os: [android]

  '@rollup/rollup-darwin-arm64@4.59.1':
    resolution: {integrity: sha512-vQuRd28p0gQpPrS6kppd8IrWmFo42U8Pz1XLRjSZXq5zCqyMDYFABT7/sywL11mO1EL10Qhh7MVPEwkG8GiBeg==}
    cpu: [arm64]
    os: [darwin]

  '@rollup/rollup-darwin-x64@4.59.1':
    resolution: {integrity: sha512-x6VG6U29+Ivlnajrg1IHdzXeAwSoEHBFVO+CtC9Brugx6de712CUJobRUxsIA0KYrQvCmzNrMPFTT1A4CCqNTg==}
    cpu: [x64]
    os: [darwin]

  '@rollup/rollup-freebsd-arm64@4.59.1':
    resolution: {integrity: sha512-Sgi0Uo6t1YCHJMNO3Y8+bm+SvOanUGkoZKn/VJPwYUe2kp31X5KnXmzKd/NjW8iA3gFcfNZ64zh14uOGrIllCQ==}
    cpu: [arm64]
    os: [freebsd]

  '@rollup/rollup-freebsd-x64@4.59.1':
    resolution: {integrity: sha512-AM4xnwEZwukdhk7laMWfzWu9JGSVnJd+Fowt6Fd7QW1nrf3h0Hp7Qx5881M4aqrUlKBCybOxz0jofvIIfl7C5g==}
    cpu: [x64]
    os: [freebsd]

  '@rollup/rollup-linux-arm-gnueabihf@4.59.1':
    resolution: {integrity: sha512-KUizqxpwaR2AZdAUsMWfL/C94pUu7TKpoPd88c8yFVixJ+l9hejkrwoK5Zj3wiNh65UeyryKnJyxL1b7yNqFQA==}
    cpu: [arm]
    os: [linux]

  '@rollup/rollup-linux-arm-musleabihf@4.59.1':
    resolution: {integrity: sha512-MZoQ/am77ckJtZGFAtPucgUuJWiop3m2R3lw7tC0QCcbfl4DRhQUBUkHWCkcrT3pqy5Mzv5QQgY6Dmlba6iTWg==}
    cpu: [arm]
    os: [linux]

  '@rollup/rollup-linux-arm64-gnu@4.59.1':
    resolution: {integrity: sha512-Sez95TP6xGjkWB1608EfhCX1gdGrO5wzyN99VqzRtC17x/1bhw5VU1V0GfKUwbW/Xr1J8mSasoFoJa6Y7aGGSA==}
    cpu: [arm64]
    os: [linux]

  '@rollup/rollup-linux-arm64-musl@4.59.1':
    resolution: {integrity: sha512-9Cs2Seq98LWNOJzR89EGTZoiP8EkZ9UbQhBlDgfAkM6asVna1xJ04W2CLYWDN/RpUgOjtQvcv8wQVi1t5oQazA==}
    cpu: [arm64]
    os: [linux]

  '@rollup/rollup-linux-loong64-gnu@4.59.1':
    resolution: {integrity: sha512-n9yqttftgFy7IrNEnHy1bOp6B4OSe8mJDiPkT7EqlM9FnKOwUMnCK62ixW0Kd9Clw0/wgvh8+SqaDXMFvw3KqQ==}
    cpu: [loong64]
    os: [linux]

  '@rollup/rollup-linux-loong64-musl@4.59.1':
    resolution: {integrity: sha512-SfpNXDzVTqs/riak4xXcLpq5gIQWsqGWMhN1AGRQKB4qGSs4r0sEs3ervXPcE1O9RsQ5bm8Muz6zmQpQnPss1g==}
    cpu: [loong64]
    os: [linux]

  '@rollup/rollup-linux-ppc64-gnu@4.59.1':
    resolution: {integrity: sha512-LjaChED0wQnjKZU+tsmGbN+9nN1XhaWUkAlSbTdhpEseCS4a15f/Q8xC2BN4GDKRzhhLZpYtJBZr2NZhR0jvNw==}
    cpu: [ppc64]
    os: [linux]

  '@rollup/rollup-linux-ppc64-musl@4.59.1':
    resolution: {integrity: sha512-ojW7iTJSIs4pwB2xV6QXGwNyDctvXOivYllttuPbXguuKDX5vwpqYJsHc6D2LZzjDGHML414Tuj3LvVPe1CT1A==}
    cpu: [ppc64]
    os: [linux]

  '@rollup/rollup-linux-riscv64-gnu@4.59.1':
    resolution: {integrity: sha512-FP+Q6WTcxxvsr0wQczhSE+tOZvFPV8A/mUE6mhZYFW9/eea/y/XqAgRoLLMuE9Cz0hfX5bi7p116IWoB+P237A==}
    cpu: [riscv64]
    os: [linux]

  '@rollup/rollup-linux-riscv64-musl@4.59.1':
    resolution: {integrity: sha512-L1uD9b/Ig8Z+rn1KttCJjwhN1FgjRMBKsPaBsDKkfUl7GfFq71pU4vWCnpOsGljycFEbkHWARZLf4lMYg3WOLw==}
    cpu: [riscv64]
    os: [linux]

  '@rollup/rollup-linux-s390x-gnu@4.59.1':
    resolution: {integrity: sha512-EZc9NGTk/oSUzzOD4nYY4gIjteo2M3CiozX6t1IXGCOdgxJTlVu/7EdPeiqeHPSIrxkLhavqpBAUCfvC6vBOug==}
    cpu: [s390x]
    os: [linux]

  '@rollup/rollup-linux-x64-gnu@4.59.1':
    resolution: {integrity: sha512-NQ9KyU1Anuy59L8+HHOKM++CoUxrQWrZWXRik4BJFm+7i5NP6q/SW43xIBr80zzt+PDBJ7LeNmloQGfa0JGk0w==}
    cpu: [x64]
    os: [linux]

  '@rollup/rollup-linux-x64-musl@4.59.1':
    resolution: {integrity: sha512-GZkLk2t6naywsveSFBsEb0PLU+JC9ggVjbndsbG20VPhar6D1gkMfCx4NfP9owpovBXTN+eRdqGSkDGIxPHhmQ==}
    cpu: [x64]
    os: [linux]

  '@rollup/rollup-openbsd-x64@4.59.1':
    resolution: {integrity: sha512-1hjG9Jpl2KDOetr64iQd8AZAEjkDUUK5RbDkYWsViYLC1op1oNzdjMJeFiofcGhqbNTaY2kfgqowE7DILifsrA==}
    cpu: [x64]
    os: [openbsd]

  '@rollup/rollup-openharmony-arm64@4.59.1':
    resolution: {integrity: sha512-ARoKfflk0SiiYm3r1fmF73K/yB+PThmOwfWCk1sr7x/k9dc3uGLWuEE9if+Pw21el8MSpp3TMnG5vLNsJ/MMGQ==}
    cpu: [arm64]
    os: [openharmony]

  '@rollup/rollup-win32-arm64-msvc@4.59.1':
    resolution: {integrity: sha512-oOST61G6VM45Mz2vdzWMr1s2slI7y9LqxEV5fCoWi2MDONmMvgsJVHSXxce/I2xOSZPTZ47nDPOl1tkwKWSHcw==}
    cpu: [arm64]
    os: [win32]

  '@rollup/rollup-win32-ia32-msvc@4.59.1':
    resolution: {integrity: sha512-x5WgLi5dWpRz7WclKBGEF15LcWTh0ewrHM6Cq4A+WUbkysUMZNeqt05bwPonOQ3ihPS/WMhAZV5zB1DfnI4Sxg==}
    cpu: [ia32]
    os: [win32]

  '@rollup/rollup-win32-x64-gnu@4.59.1':
    resolution: {integrity: sha512-wS+zHAJRVP5zOL0e+a3V3E/NTEwM2HEvvNKoDy5Xcfs0o8lljxn+EAFPkUsxihBdmDq1JWzXmmB9cbssCPdxxw==}
    cpu: [x64]
    os: [win32]

  '@rollup/rollup-win32-x64-msvc@4.59.1':
    resolution: {integrity: sha512-rhHyrMeLpErT/C7BxcEsU4COHQUzHyrPYW5tOZUeUhziNtRuYxmDWvqQqzpuUt8xpOgmbKa1btGXfnA/ANVO+g==}
    cpu: [x64]
    os: [win32]

  '@types/estree@1.0.8':
    resolution: {integrity: sha512-dWHzHa2WqEXI/O1E9OjrocMTKJl2mSrEolh1Iomrv6U+JuNwaHXsXx9bLu5gG7BUWFIN0skIQJQ/L1rIex4X6w==}

  '@types/geojson-vt@3.2.5':
    resolution: {integrity: sha512-qDO7wqtprzlpe8FfQ//ClPV9xiuoh2nkIgiouIptON9w5jvD/fA4szvP9GBlDVdJ5dldAl0kX/sy3URbWwLx0g==}

  '@types/geojson@7946.0.16':
    resolution: {integrity: sha512-6C8nqWur3j98U6+lXDfTUWIfgvZU+EumvpHKcYjujKH7woYyLj2sUmff0tRhrqM7BohUw7Pz3ZB1jj2gW9Fvmg==}

  '@types/mapbox__point-geometry@0.1.4':
    resolution: {integrity: sha512-mUWlSxAmYLfwnRBmgYV86tgYmMIICX4kza8YnE/eIlywGe2XoOxlpVnXWwir92xRLjwyarqwpu2EJKD2pk0IUA==}

  '@types/mapbox__vector-tile@1.3.4':
    resolution: {integrity: sha512-bpd8dRn9pr6xKvuEBQup8pwQfD4VUyqO/2deGjfpe6AwC8YRlyEipvefyRJUSiCJTZuCb8Pl1ciVV5ekqJ96Bg==}

  '@types/pbf@3.0.5':
    resolution: {integrity: sha512-j3pOPiEcWZ34R6a6mN07mUkM4o4Lwf6hPNt8eilOeZhTFbxFXmKhvXl9Y28jotFPaI1bpPDJsbCprUoNke6OrA==}

  '@types/supercluster@7.1.3':
    resolution: {integrity: sha512-Z0pOY34GDFl3Q6hUFYf3HkTwKEE02e7QgtJppBt+beEAxnyOpJua+voGFvxINBHa06GwLFFym7gRPY2SiKIfIA==}

  earcut@3.0.2:
    resolution: {integrity: sha512-X7hshQbLyMJ/3RPhyObLARM2sNxxmRALLKx1+NVFFnQ9gKzmCrxm9+uLIAdBcvc8FNLpctqlQ2V6AE92Ol9UDQ==}

  esbuild@0.21.5:
    resolution: {integrity: sha512-mg3OPMV4hXywwpoDxu3Qda5xCKQi+vCTZq8S9J/EpkhB2HzKXq4SNFZE3+NK93JYxc8VMSep+lOUSC/RVKaBqw==}
    engines: {node: '>=12'}
    hasBin: true

  fsevents@2.3.3:
    resolution: {integrity: sha512-5xoDfX+fL7faATnagmWPpbFtwh/R77WmMMqqHGS65C3vvB0YHrgF+B1YmZ3441tMj5n63k0212XNoJwzlhffQw==}
    engines: {node: ^8.16.0 || ^10.6.0 || >=11.0.0}
    os: [darwin]

  geojson-vt@4.0.2:
    resolution: {integrity: sha512-AV9ROqlNqoZEIJGfm1ncNjEXfkz2hdFlZf0qkVfmkwdKa8vj7H16YUOT81rJw1rdFhyEDlN2Tds91p/glzbl5A==}

  get-stream@6.0.1:
    resolution: {integrity: sha512-ts6Wi+2j3jQjqi70w5AlN8DFnkSwC+MqmxEzdEALB2qXZYV3X/b1CTfgPLGJNMeAWxdPfU8FO1ms3NUfaHCPYg==}
    engines: {node: '>=10'}

  gl-matrix@3.4.4:
    resolution: {integrity: sha512-latSnyDNt/8zYUB6VIJ6PCh2jBjJX6gnDsoCZ7LyW7GkqrD51EWwa9qCoGixj8YqBtETQK/xY7OmpTF8xz1DdQ==}

  global-prefix@4.0.0:
    resolution: {integrity: sha512-w0Uf9Y9/nyHinEk5vMJKRie+wa4kR5hmDbEhGGds/kG1PwGLLHKRoNMeJOyCQjjBkANlnScqgzcFwGHgmgLkVA==}
    engines: {node: '>=16'}

  ieee754@1.2.1:
    resolution: {integrity: sha512-dcyqhDvX1C46lXZcVqCpK+FtMRQVdIMN6/Df5js2zouUsqG7I6sFxitIC+7KYK29KdXOLHdu9zL4sFnoVQnqaA==}

  ini@4.1.3:
    resolution: {integrity: sha512-X7rqawQBvfdjS10YU1y1YVreA3SsLrW9dX2CewP2EbBJM4ypVNLDkO5y04gejPwKIY9lR+7r9gn3rFPt/kmWFg==}
    engines: {node: ^14.17.0 || ^16.13.0 || >=18.0.0}

  isexe@3.1.5:
    resolution: {integrity: sha512-6B3tLtFqtQS4ekarvLVMZ+X+VlvQekbe4taUkf/rhVO3d/h0M2rfARm/pXLcPEsjjMsFgrFgSrhQIxcSVrBz8w==}
    engines: {node: '>=18'}

  json-stringify-pretty-compact@4.0.0:
    resolution: {integrity: sha512-3CNZ2DnrpByG9Nqj6Xo8vqbjT4F6N+tb4Gb28ESAZjYZ5yqvmc56J+/kuIwkaAMOyblTQhUW7PxMkUb8Q36N3Q==}

  kdbush@4.0.2:
    resolution: {integrity: sha512-WbCVYJ27Sz8zi9Q7Q0xHC+05iwkm3Znipc2XTlrnJbsHMYktW4hPhXUE8Ys1engBrvffoSCqbil1JQAa7clRpA==}

  kind-of@6.0.3:
    resolution: {integrity: sha512-dcS1ul+9tmeD95T+x28/ehLgd9mENa3LsvDTtzm3vyBEO7RPptvAD+t44WVXaUjTBRcrpFeFlC8WCruUR456hw==}
    engines: {node: '>=0.10.0'}

  maplibre-gl@4.7.1:
    resolution: {integrity: sha512-lgL7XpIwsgICiL82ITplfS7IGwrB1OJIw/pCvprDp2dhmSSEBgmPzYRvwYYYvJGJD7fxUv1Tvpih4nZ6VrLuaA==}
    engines: {node: '>=16.14.0', npm: '>=8.1.0'}

  minimist@1.2.8:
    resolution: {integrity: sha512-2yyAR8qBkN3YuheJanUpWC5U3bb5osDywNB8RzDVlDwDHbocAJveqqj1u8+SVD7jkWT4yvsHCpWqqWqAxb0zCA==}

  murmurhash-js@1.0.0:
    resolution: {integrity: sha512-TvmkNhkv8yct0SVBSy+o8wYzXjE4Zz3PCesbfs8HiCXXdcTuocApFv11UWlNFWKYsP2okqrhb7JNlSm9InBhIw==}

  nanoid@3.3.11:
    resolution: {integrity: sha512-N8SpfPUnUp1bK+PMYW8qSWdl9U+wwNWI4QKxOYDy9JAro3WMX7p2OeVRF9v+347pnakNevPmiHhNmZ2HbFA76w==}
    engines: {node: ^10 || ^12 || ^13.7 || ^14 || >=15.0.1}
    hasBin: true

  pbf@3.3.0:
    resolution: {integrity: sha512-XDF38WCH3z5OV/OVa8GKUNtLAyneuzbCisx7QUCF8Q6Nutx0WnJrQe5O+kOtBlLfRNUws98Y58Lblp+NJG5T4Q==}
    hasBin: true

  picocolors@1.1.1:
    resolution: {integrity: sha512-xceH2snhtb5M9liqDsmEw56le376mTZkEX/jEb/RxNFyegNul7eNslCXP9FDj/Lcu0X8KEyMceP2ntpaHrDEVA==}

  postcss@8.5.8:
    resolution: {integrity: sha512-OW/rX8O/jXnm82Ey1k44pObPtdblfiuWnrd8X7GJ7emImCOstunGbXUpp7HdBrFQX6rJzn3sPT397Wp5aCwCHg==}
    engines: {node: ^10 || ^12 || >=14}

  potpack@2.1.0:
    resolution: {integrity: sha512-pcaShQc1Shq0y+E7GqJqvZj8DTthWV1KeHGdi0Z6IAin2Oi3JnLCOfwnCo84qc+HAp52wT9nK9H7FAJp5a44GQ==}

  protocol-buffers-schema@3.6.0:
    resolution: {integrity: sha512-TdDRD+/QNdrCGCE7v8340QyuXd4kIWIgapsE2+n/SaGiSSbomYl4TjHlvIoCWRpE7wFt02EpB35VVA2ImcBVqw==}

  quickselect@2.0.0:
    resolution: {integrity: sha512-RKJ22hX8mHe3Y6wH/N3wCM6BWtjaxIyyUIkpHOvfFnxdI4yD4tBXEBKSbriGujF6jnSVkJrffuo6vxACiSSxIw==}

  quickselect@3.0.0:
    resolution: {integrity: sha512-XdjUArbK4Bm5fLLvlm5KpTFOiOThgfWWI4axAZDWg4E/0mKdZyI9tNEfds27qCi1ze/vwTR16kvmmGhRra3c2g==}

  resolve-protobuf-schema@2.1.0:
    resolution: {integrity: sha512-kI5ffTiZWmJaS/huM8wZfEMer1eRd7oJQhDuxeCLe3t7N7mX3z94CN0xPxBQxFYQTSNz9T0i+v6inKqSdK8xrQ==}

  rollup@4.59.1:
    resolution: {integrity: sha512-iZKH8BeoCwTCBTZBZWQQMreekd4mdomwdjIQ40GC1oZm6o+8PnNMIxFOiCsGMWeS8iDJ7KZcl7KwmKk/0HOQpA==}
    engines: {node: '>=18.0.0', npm: '>=8.0.0'}
    hasBin: true

  rw@1.3.3:
    resolution: {integrity: sha512-PdhdWy89SiZogBLaw42zdeqtRJ//zFd2PgQavcICDUgJT5oW10QCRKbJ6bg4r0/UY2M6BWd5tkxuGFRvCkgfHQ==}

  source-map-js@1.2.1:
    resolution: {integrity: sha512-UXWMKhLOwVKb728IUtQPXxfYU+usdybtUrK/8uGE8CQMvrhOpwvzDBwj0QhSL7MQc7vIsISBG8VQ8+IDQxpfQA==}
    engines: {node: '>=0.10.0'}

  supercluster@8.0.1:
    resolution: {integrity: sha512-IiOea5kJ9iqzD2t7QJq/cREyLHTtSmUT6gQsweojg9WH2sYJqZK9SswTu6jrscO6D1G5v5vYZ9ru/eq85lXeZQ==}

  tinyqueue@3.0.0:
    resolution: {integrity: sha512-gRa9gwYU3ECmQYv3lslts5hxuIa90veaEcxDYuu3QGOIAEM2mOZkVHp48ANJuu1CURtRdHKUBY5Lm1tHV+sD4g==}

  vite@5.4.21:
    resolution: {integrity: sha512-o5a9xKjbtuhY6Bi5S3+HvbRERmouabWbyUcpXXUA1u+GNUKoROi9byOJ8M0nHbHYHkYICiMlqxkg1KkYmm25Sw==}
    engines: {node: ^18.0.0 || >=20.0.0}
    hasBin: true
    peerDependencies:
      '@types/node': ^18.0.0 || >=20.0.0
      less: '*'
      lightningcss: ^1.21.0
      sass: '*'
      sass-embedded: '*'
      stylus: '*'
      sugarss: '*'
      terser: ^5.4.0
    peerDependenciesMeta:
      '@types/node':
        optional: true
      less:
        optional: true
      lightningcss:
        optional: true
      sass:
        optional: true
      sass-embedded:
        optional: true
      stylus:
        optional: true
      sugarss:
        optional: true
      terser:
        optional: true

  vt-pbf@3.1.3:
    resolution: {integrity: sha512-2LzDFzt0mZKZ9IpVF2r69G9bXaP2Q2sArJCmcCgvfTdCCZzSyz4aCLoQyUilu37Ll56tCblIZrXFIjNUpGIlmA==}

  which@4.0.0:
    resolution: {integrity: sha512-GlaYyEb07DPxYCKhKzplCWBJtvxZcZMrL+4UkrTSJHHPyZU4mYYTv3qaOe77H7EODLSSopAUFAc6W8U4yqvscg==}
    engines: {node: ^16.13.0 || >=18.0.0}
    hasBin: true

snapshots:

  '@esbuild/aix-ppc64@0.21.5':
    optional: true

  '@esbuild/android-arm64@0.21.5':
    optional: true

  '@esbuild/android-arm@0.21.5':
    optional: true

  '@esbuild/android-x64@0.21.5':
    optional: true

  '@esbuild/darwin-arm64@0.21.5':
    optional: true

  '@esbuild/darwin-x64@0.21.5':
    optional: true

  '@esbuild/freebsd-arm64@0.21.5':
    optional: true

  '@esbuild/freebsd-x64@0.21.5':
    optional: true

  '@esbuild/linux-arm64@0.21.5':
    optional: true

  '@esbuild/linux-arm@0.21.5':
    optional: true

  '@esbuild/linux-ia32@0.21.5':
    optional: true

  '@esbuild/linux-loong64@0.21.5':
    optional: true

  '@esbuild/linux-mips64el@0.21.5':
    optional: true

  '@esbuild/linux-ppc64@0.21.5':
    optional: true

  '@esbuild/linux-riscv64@0.21.5':
    optional: true

  '@esbuild/linux-s390x@0.21.5':
    optional: true

  '@esbuild/linux-x64@0.21.5':
    optional: true

  '@esbuild/netbsd-x64@0.21.5':
    optional: true

  '@esbuild/openbsd-x64@0.21.5':
    optional: true

  '@esbuild/sunos-x64@0.21.5':
    optional: true

  '@esbuild/win32-arm64@0.21.5':
    optional: true

  '@esbuild/win32-ia32@0.21.5':
    optional: true

  '@esbuild/win32-x64@0.21.5':
    optional: true

  '@mapbox/geojson-rewind@0.5.2':
    dependencies:
      get-stream: 6.0.1
      minimist: 1.2.8

  '@mapbox/jsonlint-lines-primitives@2.0.2': {}

  '@mapbox/point-geometry@0.1.0': {}

  '@mapbox/tiny-sdf@2.0.7': {}

  '@mapbox/unitbezier@0.0.1': {}

  '@mapbox/vector-tile@1.3.1':
    dependencies:
      '@mapbox/point-geometry': 0.1.0

  '@mapbox/whoots-js@3.1.0': {}

  '@maplibre/maplibre-gl-style-spec@20.4.0':
    dependencies:
      '@mapbox/jsonlint-lines-primitives': 2.0.2
      '@mapbox/unitbezier': 0.0.1
      json-stringify-pretty-compact: 4.0.0
      minimist: 1.2.8
      quickselect: 2.0.0
      rw: 1.3.3
      tinyqueue: 3.0.0

  '@rollup/rollup-android-arm-eabi@4.59.1':
    optional: true

  '@rollup/rollup-android-arm64@4.59.1':
    optional: true

  '@rollup/rollup-darwin-arm64@4.59.1':
    optional: true

  '@rollup/rollup-darwin-x64@4.59.1':
    optional: true

  '@rollup/rollup-freebsd-arm64@4.59.1':
    optional: true

  '@rollup/rollup-freebsd-x64@4.59.1':
    optional: true

  '@rollup/rollup-linux-arm-gnueabihf@4.59.1':
    optional: true

  '@rollup/rollup-linux-arm-musleabihf@4.59.1':
    optional: true

  '@rollup/rollup-linux-arm64-gnu@4.59.1':
    optional: true

  '@rollup/rollup-linux-arm64-musl@4.59.1':
    optional: true

  '@rollup/rollup-linux-loong64-gnu@4.59.1':
    optional: true

  '@rollup/rollup-linux-loong64-musl@4.59.1':
    optional: true

  '@rollup/rollup-linux-ppc64-gnu@4.59.1':
    optional: true

  '@rollup/rollup-linux-ppc64-musl@4.59.1':
    optional: true

  '@rollup/rollup-linux-riscv64-gnu@4.59.1':
    optional: true

  '@rollup/rollup-linux-riscv64-musl@4.59.1':
    optional: true

  '@rollup/rollup-linux-s390x-gnu@4.59.1':
    optional: true

  '@rollup/rollup-linux-x64-gnu@4.59.1':
    optional: true

  '@rollup/rollup-linux-x64-musl@4.59.1':
    optional: true

  '@rollup/rollup-openbsd-x64@4.59.1':
    optional: true

  '@rollup/rollup-openharmony-arm64@4.59.1':
    optional: true

  '@rollup/rollup-win32-arm64-msvc@4.59.1':
    optional: true

  '@rollup/rollup-win32-ia32-msvc@4.59.1':
    optional: true

  '@rollup/rollup-win32-x64-gnu@4.59.1':
    optional: true

  '@rollup/rollup-win32-x64-msvc@4.59.1':
    optional: true

  '@types/estree@1.0.8': {}

  '@types/geojson-vt@3.2.5':
    dependencies:
      '@types/geojson': 7946.0.16

  '@types/geojson@7946.0.16': {}

  '@types/mapbox__point-geometry@0.1.4': {}

  '@types/mapbox__vector-tile@1.3.4':
    dependencies:
      '@types/geojson': 7946.0.16
      '@types/mapbox__point-geometry': 0.1.4
      '@types/pbf': 3.0.5

  '@types/pbf@3.0.5': {}

  '@types/supercluster@7.1.3':
    dependencies:
      '@types/geojson': 7946.0.16

  earcut@3.0.2: {}

  esbuild@0.21.5:
    optionalDependencies:
      '@esbuild/aix-ppc64': 0.21.5
      '@esbuild/android-arm': 0.21.5
      '@esbuild/android-arm64': 0.21.5
      '@esbuild/android-x64': 0.21.5
      '@esbuild/darwin-arm64': 0.21.5
      '@esbuild/darwin-x64': 0.21.5
      '@esbuild/freebsd-arm64': 0.21.5
      '@esbuild/freebsd-x64': 0.21.5
      '@esbuild/linux-arm': 0.21.5
      '@esbuild/linux-arm64': 0.21.5
      '@esbuild/linux-ia32': 0.21.5
      '@esbuild/linux-loong64': 0.21.5
      '@esbuild/linux-mips64el': 0.21.5
      '@esbuild/linux-ppc64': 0.21.5
      '@esbuild/linux-riscv64': 0.21.5
      '@esbuild/linux-s390x': 0.21.5
      '@esbuild/linux-x64': 0.21.5
      '@esbuild/netbsd-x64': 0.21.5
      '@esbuild/openbsd-x64': 0.21.5
      '@esbuild/sunos-x64': 0.21.5
      '@esbuild/win32-arm64': 0.21.5
      '@esbuild/win32-ia32': 0.21.5
      '@esbuild/win32-x64': 0.21.5

  fsevents@2.3.3:
    optional: true

  geojson-vt@4.0.2: {}

  get-stream@6.0.1: {}

  gl-matrix@3.4.4: {}

  global-prefix@4.0.0:
    dependencies:
      ini: 4.1.3
      kind-of: 6.0.3
      which: 4.0.0

  ieee754@1.2.1: {}

  ini@4.1.3: {}

  isexe@3.1.5: {}

  json-stringify-pretty-compact@4.0.0: {}

  kdbush@4.0.2: {}

  kind-of@6.0.3: {}

  maplibre-gl@4.7.1:
    dependencies:
      '@mapbox/geojson-rewind': 0.5.2
      '@mapbox/jsonlint-lines-primitives': 2.0.2
      '@mapbox/point-geometry': 0.1.0
      '@mapbox/tiny-sdf': 2.0.7
      '@mapbox/unitbezier': 0.0.1
      '@mapbox/vector-tile': 1.3.1
      '@mapbox/whoots-js': 3.1.0
      '@maplibre/maplibre-gl-style-spec': 20.4.0
      '@types/geojson': 7946.0.16
      '@types/geojson-vt': 3.2.5
      '@types/mapbox__point-geometry': 0.1.4
      '@types/mapbox__vector-tile': 1.3.4
      '@types/pbf': 3.0.5
      '@types/supercluster': 7.1.3
      earcut: 3.0.2
      geojson-vt: 4.0.2
      gl-matrix: 3.4.4
      global-prefix: 4.0.0
      kdbush: 4.0.2
      murmurhash-js: 1.0.0
      pbf: 3.3.0
      potpack: 2.1.0
      quickselect: 3.0.0
      supercluster: 8.0.1
      tinyqueue: 3.0.0
      vt-pbf: 3.1.3

  minimist@1.2.8: {}

  murmurhash-js@1.0.0: {}

  nanoid@3.3.11: {}

  pbf@3.3.0:
    dependencies:
      ieee754: 1.2.1
      resolve-protobuf-schema: 2.1.0

  picocolors@1.1.1: {}

  postcss@8.5.8:
    dependencies:
      nanoid: 3.3.11
      picocolors: 1.1.1
      source-map-js: 1.2.1

  potpack@2.1.0: {}

  protocol-buffers-schema@3.6.0: {}

  quickselect@2.0.0: {}

  quickselect@3.0.0: {}

  resolve-protobuf-schema@2.1.0:
    dependencies:
      protocol-buffers-schema: 3.6.0

  rollup@4.59.1:
    dependencies:
      '@types/estree': 1.0.8
    optionalDependencies:
      '@rollup/rollup-android-arm-eabi': 4.59.1
      '@rollup/rollup-android-arm64': 4.59.1
      '@rollup/rollup-darwin-arm64': 4.59.1
      '@rollup/rollup-darwin-x64': 4.59.1
      '@rollup/rollup-freebsd-arm64': 4.59.1
      '@rollup/rollup-freebsd-x64': 4.59.1
      '@rollup/rollup-linux-arm-gnueabihf': 4.59.1
      '@rollup/rollup-linux-arm-musleabihf': 4.59.1
      '@rollup/rollup-linux-arm64-gnu': 4.59.1
      '@rollup/rollup-linux-arm64-musl': 4.59.1
      '@rollup/rollup-linux-loong64-gnu': 4.59.1
      '@rollup/rollup-linux-loong64-musl': 4.59.1
      '@rollup/rollup-linux-ppc64-gnu': 4.59.1
      '@rollup/rollup-linux-ppc64-musl': 4.59.1
      '@rollup/rollup-linux-riscv64-gnu': 4.59.1
      '@rollup/rollup-linux-riscv64-musl': 4.59.1
      '@rollup/rollup-linux-s390x-gnu': 4.59.1
      '@rollup/rollup-linux-x64-gnu': 4.59.1
      '@rollup/rollup-linux-x64-musl': 4.59.1
      '@rollup/rollup-openbsd-x64': 4.59.1
      '@rollup/rollup-openharmony-arm64': 4.59.1
      '@rollup/rollup-win32-arm64-msvc': 4.59.1
      '@rollup/rollup-win32-ia32-msvc': 4.59.1
      '@rollup/rollup-win32-x64-gnu': 4.59.1
      '@rollup/rollup-win32-x64-msvc': 4.59.1
      fsevents: 2.3.3

  rw@1.3.3: {}

  source-map-js@1.2.1: {}

  supercluster@8.0.1:
    dependencies:
      kdbush: 4.0.2

  tinyqueue@3.0.0: {}

  vite@5.4.21:
    dependencies:
      esbuild: 0.21.5
      postcss: 8.5.8
      rollup: 4.59.1
    optionalDependencies:
      fsevents: 2.3.3

  vt-pbf@3.1.3:
    dependencies:
      '@mapbox/point-geometry': 0.1.0
      '@mapbox/vector-tile': 1.3.1
      pbf: 3.3.0

  which@4.0.0:
    dependencies:
      isexe: 3.1.5
